
Microsoft Visual Studio Solution File, Format Version 12.00
# Visual Studio Version 16
VisualStudioVersion = 16.0.31624.102
MinimumVisualStudioVersion = 10.0.40219.1
Project("{FAE04EC0-301F-11D3-BF4B-00C04F79EFBC}") = "TatilSeyahatSitesiProjesi", "TatilSeyahatSitesiProjesi\TatilSeyahatSitesiProjesi.csproj", "{1766C5F2-0D49-442C-A9D4-F15AEA52D31D}"
EndProject
Global
	GlobalSection(SolutionConfigurationPlatforms) = preSolution
		Debug|Any CPU = Debug|Any CPU
		Release|Any CPU = Release|Any CPU
	EndGlobalSection
	GlobalSection(ProjectConfigurationPlatforms) = postSolution
		{1766C5F2-0D49-442C-A9D4-F15AEA52D31D}.Debug|Any CPU.ActiveCfg = Debug|Any CPU
		{1766C5F2-0D49-442C-A9D4-F15AEA52D31D}.Debug|Any CPU.Build.0 = Debug|Any CPU
		{1766C5F2-0D49-442C-A9D4-F15AEA52D31D}.Release|Any CPU.ActiveCfg = Release|Any CPU
		{1766C5F2-0D49-442C-A9D4-F15AEA52D31D}.Release|Any CPU.Build.0 = Release|Any CPU
	EndGlobalSection
	GlobalSection(SolutionProperties) = preSolution
		HideSolutionNode = FALSE
	EndGlobalSection
	GlobalSection(ExtensibilityGlobals) = postSolution
		SolutionGuid = {18DC5F3D-C42A-4DC2-B0A7-3C4F50777B7B}
	EndGlobalSection
EndGlobal
